
Microsoft Visual Studio Solution File, Format Version 12.00
# Visual Studio Version 16
VisualStudioVersion = 16.0.35826.135
MinimumVisualStudioVersion = 10.0.40219.1
Project("{FAE04EC0-301F-11D3-BF4B-00C04F79EFBC}") = "BillingWarnet", "BillingWarnet\BillingWarnet.csproj", "{A759723E-1F41-47BE-9007-DE95A94AE4A2}"
EndProject
Global
	GlobalSection(SolutionConfigurationPlatforms) = preSolution
		Debug|Any CPU = Debug|Any CPU
		Release|Any CPU = Release|Any CPU
	EndGlobalSection
	GlobalSection(ProjectConfigurationPlatforms) = postSolution
		{A759723E-1F41-47BE-9007-DE95A94AE4A2}.Debug|Any CPU.ActiveCfg = Debug|Any CPU
		{A759723E-1F41-47BE-9007-DE95A94AE4A2}.Debug|Any CPU.Build.0 = Debug|Any CPU
		{A759723E-1F41-47BE-9007-DE95A94AE4A2}.Release|Any CPU.ActiveCfg = Release|Any CPU
		{A759723E-1F41-47BE-9007-DE95A94AE4A2}.Release|Any CPU.Build.0 = Release|Any CPU
	EndGlobalSection
	GlobalSection(SolutionProperties) = preSolution
		HideSolutionNode = FALSE
	EndGlobalSection
	GlobalSection(ExtensibilityGlobals) = postSolution
		SolutionGuid = {57155EE3-8112-4CAC-8D1B-FF0B007BF040}
	EndGlobalSection
EndGlobal
